{
  "name": "@crv/rc",
  "version": "1.0.0",
  "lockfileVersion": 1,
  "requires": true,
  "dependencies": {
    "@types/node": {
      "version": "12.20.16",
      "resolved": "https://registry.npmjs.org/@types/node/-/node-12.20.16.tgz",
      "integrity": "sha512-6CLxw83vQf6DKqXxMPwl8qpF8I7THFZuIwLt4TnNsumxkp1VsRZWT8txQxncT/Rl2UojTsFzWgDG4FRMwafrlA=="
    },
    "@types/prop-types": {
      "version": "15.7.4",
      "resolved": "https://registry.npmjs.org/@types/prop-types/-/prop-types-15.7.4.tgz",
      "integrity": "sha512-rZ5drC/jWjrArrS8BR6SIr4cWpW09RNTYt9AMZo3Jwwif+iacXAqgVjm0B0Bv/S1jhDXKHqRVNCbACkJ89RAnQ==",
      "dev": true
    },
    "@types/react-resizable": {
      "version": "1.7.3",
      "resolved": "https://registry.npmjs.org/@types/react-resizable/-/react-resizable-1.7.3.tgz",
      "integrity": "sha512-DAx+hdnHFMJHgl8geiKo3jLt1GCT838SwQixjCtbRRfqCBawAKriVLCZ1nvp7B/2Pxd94MWod8NyJEnAAmNHNA==",
      "dev": true,
      "requires": {
        "@types/react": "*"
      },
      "dependencies": {
        "@types/react": {
          "version": "17.0.15",
          "resolved": "https://registry.npmjs.org/@types/react/-/react-17.0.15.tgz",
          "integrity": "sha512-uTKHDK9STXFHLaKv6IMnwp52fm0hwU+N89w/p9grdUqcFA6WuqDyPhaWopbNyE1k/VhgzmHl8pu1L4wITtmlLw==",
          "dev": true,
          "requires": {
            "@types/prop-types": "*",
            "@types/scheduler": "*",
            "csstype": "^3.0.2"
          }
        }
      }
    },
    "@types/scheduler": {
      "version": "0.16.2",
      "resolved": "https://registry.npmjs.org/@types/scheduler/-/scheduler-0.16.2.tgz",
      "integrity": "sha512-hppQEBDmlwhFAXKJX2KnWLYu5yMfi91yazPb2l+lbJiwW+wdo1gNeRA+3RgNSO39WYX2euey41KEwnqesU2Jew==",
      "dev": true
    },
    "classnames": {
      "version": "2.3.1",
      "resolved": "https://registry.npmjs.org/classnames/-/classnames-2.3.1.tgz",
      "integrity": "sha512-OlQdbZ7gLfGarSqxesMesDa5uz7KFbID8Kpq/SxIoNGDqY8lSYs0D+hhtBXhcdB3rcbXArFr7vlHheLk1voeNA=="
    },
    "csstype": {
      "version": "3.0.8",
      "resolved": "https://registry.npmjs.org/csstype/-/csstype-3.0.8.tgz",
      "integrity": "sha512-jXKhWqXPmlUeoQnF/EhTtTl4C9SnrxSH/jZUih3jmO6lBKr99rP3/+FmrMj4EFpOXzMtXHAZkd3x0E6h6Fgflw==",
      "dev": true
    },
    "js-tokens": {
      "version": "4.0.0",
      "resolved": "https://registry.npmjs.org/js-tokens/-/js-tokens-4.0.0.tgz",
      "integrity": "sha512-RdJUflcE3cUzKiMqQgsCu06FPu9UdIJO0beYbPhHN4k6apgJtifcoCtT9bcxOpYBtpD2kCM6Sbzg4CausW/PKQ=="
    },
    "loose-envify": {
      "version": "1.4.0",
      "resolved": "https://registry.npmjs.org/loose-envify/-/loose-envify-1.4.0.tgz",
      "integrity": "sha512-lyuxPGr/Wfhrlem2CL/UcnUc1zcqKAImBDzukY7Y5F/yQiNdko6+fRLevlw1HgMySw7f611UIY408EtxRSoK3Q==",
      "requires": {
        "js-tokens": "^3.0.0 || ^4.0.0"
      }
    },
    "object-assign": {
      "version": "4.1.1",
      "resolved": "https://registry.npmjs.org/object-assign/-/object-assign-4.1.1.tgz",
      "integrity": "sha1-IQmtx5ZYh8/AXLvUQsrIv7s2CGM="
    },
    "prop-types": {
      "version": "15.7.2",
      "resolved": "https://registry.npmjs.org/prop-types/-/prop-types-15.7.2.tgz",
      "integrity": "sha512-8QQikdH7//R2vurIJSutZ1smHYTcLpRWEOlHnzcWHmBYrOGUysKwSsrC89BCiFj3CbrfJ/nXFdJepOVrY1GCHQ==",
      "requires": {
        "loose-envify": "^1.4.0",
        "object-assign": "^4.1.1",
        "react-is": "^16.8.1"
      }
    },
    "react-draggable": {
      "version": "4.4.3",
      "resolved": "https://registry.npmjs.org/react-draggable/-/react-draggable-4.4.3.tgz",
      "integrity": "sha512-jV4TE59MBuWm7gb6Ns3Q1mxX8Azffb7oTtDtBgFkxRvhDp38YAARmRplrj0+XGkhOJB5XziArX+4HUUABtyZ0w==",
      "requires": {
        "classnames": "^2.2.5",
        "prop-types": "^15.6.0"
      }
    },
    "react-is": {
      "version": "16.13.1",
      "resolved": "https://registry.npmjs.org/react-is/-/react-is-16.13.1.tgz",
      "integrity": "sha512-24e6ynE2H+OKt4kqsOvNd8kBpV65zoxbA4BVsEOB3ARVWQki/DHzaUoC5KuON/BiccDaCCTZBuOcfZs70kR8bQ=="
    },
    "react-resizable": {
      "version": "3.0.4",
      "resolved": "https://registry.npmjs.org/react-resizable/-/react-resizable-3.0.4.tgz",
      "integrity": "sha512-StnwmiESiamNzdRHbSSvA65b0ZQJ7eVQpPusrSmcpyGKzC0gojhtO62xxH6YOBmepk9dQTBi9yxidL3W4s3EBA==",
      "requires": {
        "prop-types": "15.x",
        "react-draggable": "^4.0.3"
      }
    }
  }
}
